
Microsoft Visual Studio Solution File, Format Version 12.00
# Visual Studio Version 17
VisualStudioVersion = 17.8.34330.188
MinimumVisualStudioVersion = 10.0.40219.1
Project("{FAE04EC0-301F-11D3-BF4B-00C04F79EFBC}") = "Jan8Reflections", "Jan8Reflections\Jan8Reflections.csproj", "{740491A3-B107-4A78-BE31-2280CF27CDDD}"
EndProject
Global
	GlobalSection(SolutionConfigurationPlatforms) = preSolution
		Debug|Any CPU = Debug|Any CPU
		Release|Any CPU = Release|Any CPU
	EndGlobalSection
	GlobalSection(ProjectConfigurationPlatforms) = postSolution
		{740491A3-B107-4A78-BE31-2280CF27CDDD}.Debug|Any CPU.ActiveCfg = Debug|Any CPU
		{740491A3-B107-4A78-BE31-2280CF27CDDD}.Debug|Any CPU.Build.0 = Debug|Any CPU
		{740491A3-B107-4A78-BE31-2280CF27CDDD}.Release|Any CPU.ActiveCfg = Release|Any CPU
		{740491A3-B107-4A78-BE31-2280CF27CDDD}.Release|Any CPU.Build.0 = Release|Any CPU
	EndGlobalSection
	GlobalSection(SolutionProperties) = preSolution
		HideSolutionNode = FALSE
	EndGlobalSection
	GlobalSection(ExtensibilityGlobals) = postSolution
		SolutionGuid = {418FB72C-024C-4C27-BD17-3A5F22492C07}
	EndGlobalSection
EndGlobal
